
Microsoft Visual Studio Solution File, Format Version 12.00
# Visual Studio Version 16
VisualStudioVersion = 16.0.31911.196
MinimumVisualStudioVersion = 10.0.40219.1
Project("{9A19103F-16F7-4668-BE54-9A1E7A4F7556}") = "GraphQL-POC", "GraphQL-POC.csproj", "{820F8AAF-6BCA-4009-B675-517D93BC6CA0}"
EndProject
Global
	GlobalSection(SolutionConfigurationPlatforms) = preSolution
		Debug|Any CPU = Debug|Any CPU
		Release|Any CPU = Release|Any CPU
	EndGlobalSection
	GlobalSection(ProjectConfigurationPlatforms) = postSolution
		{820F8AAF-6BCA-4009-B675-517D93BC6CA0}.Debug|Any CPU.ActiveCfg = Debug|Any CPU
		{820F8AAF-6BCA-4009-B675-517D93BC6CA0}.Debug|Any CPU.Build.0 = Debug|Any CPU
		{820F8AAF-6BCA-4009-B675-517D93BC6CA0}.Release|Any CPU.ActiveCfg = Release|Any CPU
		{820F8AAF-6BCA-4009-B675-517D93BC6CA0}.Release|Any CPU.Build.0 = Release|Any CPU
	EndGlobalSection
	GlobalSection(SolutionProperties) = preSolution
		HideSolutionNode = FALSE
	EndGlobalSection
	GlobalSection(ExtensibilityGlobals) = postSolution
		SolutionGuid = {A4044069-DFA5-4460-BDFF-2777E444D467}
	EndGlobalSection
EndGlobal
